
Microsoft Visual Studio Solution File, Format Version 12.00
# Visual Studio Version 16
VisualStudioVersion = 16.0.30611.23
MinimumVisualStudioVersion = 10.0.40219.1
Project("{8BC9CEB8-8B4A-11D0-8D11-00A0C91BC942}") = "Engine", "Engine\Engine.vcxproj", "{13FEEA98-9463-4742-9512-7167A6888579}"
	ProjectSection(ProjectDependencies) = postProject
		{21B0ED24-F9ED-40F7-9BF8-5FF2FF13989C} = {21B0ED24-F9ED-40F7-9BF8-5FF2FF13989C}
		{EE7581A9-E91A-4737-9030-DF452465ABFF} = {EE7581A9-E91A-4737-9030-DF452465ABFF}
	EndProjectSection
EndProject
Project("{8BC9CEB8-8B4A-11D0-8D11-00A0C91BC942}") = "Serializer", "Serializer\Serializer.vcxproj", "{EE7581A9-E91A-4737-9030-DF452465ABFF}"
EndProject
Project("{8BC9CEB8-8B4A-11D0-8D11-00A0C91BC942}") = "Netzwerk", "Netzwerk\Netzwerk.vcxproj", "{8C16530F-DD0F-4578-9FEF-68F4294E3204}"
	ProjectSection(ProjectDependencies) = postProject
		{21B0ED24-F9ED-40F7-9BF8-5FF2FF13989C} = {21B0ED24-F9ED-40F7-9BF8-5FF2FF13989C}
	EndProjectSection
EndProject
Project("{8BC9CEB8-8B4A-11D0-8D11-00A0C91BC942}") = "SceenViewer", "Application\SceenViewer\SceenViewer.vcxproj", "{2487EDA7-C752-4F12-B07D-34DDAA431DEA}"
	ProjectSection(ProjectDependencies) = postProject
		{21B0ED24-F9ED-40F7-9BF8-5FF2FF13989C} = {21B0ED24-F9ED-40F7-9BF8-5FF2FF13989C}
		{801A052D-4428-4484-A95C-2C7759A62DF7} = {801A052D-4428-4484-A95C-2C7759A62DF7}
		{13FEEA98-9463-4742-9512-7167A6888579} = {13FEEA98-9463-4742-9512-7167A6888579}
		{EE7581A9-E91A-4737-9030-DF452465ABFF} = {EE7581A9-E91A-4737-9030-DF452465ABFF}
	EndProjectSection
EndProject
Project("{8BC9CEB8-8B4A-11D0-8D11-00A0C91BC942}") = "EventSystem", "EventSystem\EventSystem.vcxproj", "{801A052D-4428-4484-A95C-2C7759A62DF7}"
	ProjectSection(ProjectDependencies) = postProject
		{EE7581A9-E91A-4737-9030-DF452465ABFF} = {EE7581A9-E91A-4737-9030-DF452465ABFF}
	EndProjectSection
EndProject
Project("{8BC9CEB8-8B4A-11D0-8D11-00A0C91BC942}") = "StandaretAnwendung", "Application\StandaretAnwendung\StandaretAnwendung.vcxproj", "{02091FA5-4901-4066-9ED5-2AFC740A8B89}"
	ProjectSection(ProjectDependencies) = postProject
		{8C16530F-DD0F-4578-9FEF-68F4294E3204} = {8C16530F-DD0F-4578-9FEF-68F4294E3204}
		{21B0ED24-F9ED-40F7-9BF8-5FF2FF13989C} = {21B0ED24-F9ED-40F7-9BF8-5FF2FF13989C}
		{801A052D-4428-4484-A95C-2C7759A62DF7} = {801A052D-4428-4484-A95C-2C7759A62DF7}
		{13FEEA98-9463-4742-9512-7167A6888579} = {13FEEA98-9463-4742-9512-7167A6888579}
		{EE7581A9-E91A-4737-9030-DF452465ABFF} = {EE7581A9-E91A-4737-9030-DF452465ABFF}
	EndProjectSection
EndProject
Project("{8BC9CEB8-8B4A-11D0-8D11-00A0C91BC942}") = "Logger", "Logger\Logger.vcxproj", "{21B0ED24-F9ED-40F7-9BF8-5FF2FF13989C}"
	ProjectSection(ProjectDependencies) = postProject
		{EE7581A9-E91A-4737-9030-DF452465ABFF} = {EE7581A9-E91A-4737-9030-DF452465ABFF}
	EndProjectSection
EndProject
Project("{8BC9CEB8-8B4A-11D0-8D11-00A0C91BC942}") = "Siedler", "Application\Siedler\Siedler.vcxproj", "{FB00BDE2-DEA6-4283-B4E1-60CD77897D55}"
	ProjectSection(ProjectDependencies) = postProject
		{8C16530F-DD0F-4578-9FEF-68F4294E3204} = {8C16530F-DD0F-4578-9FEF-68F4294E3204}
		{21B0ED24-F9ED-40F7-9BF8-5FF2FF13989C} = {21B0ED24-F9ED-40F7-9BF8-5FF2FF13989C}
		{801A052D-4428-4484-A95C-2C7759A62DF7} = {801A052D-4428-4484-A95C-2C7759A62DF7}
		{13FEEA98-9463-4742-9512-7167A6888579} = {13FEEA98-9463-4742-9512-7167A6888579}
		{EE7581A9-E91A-4737-9030-DF452465ABFF} = {EE7581A9-E91A-4737-9030-DF452465ABFF}
	EndProjectSection
EndProject
Project("{8BC9CEB8-8B4A-11D0-8D11-00A0C91BC942}") = "SiedlerServer", "Application\SiedlerServer\SiedlerServer.vcxproj", "{DB8D9422-5F86-4693-B0AC-49E8A7D328AE}"
EndProject
Global
	GlobalSection(SolutionConfigurationPlatforms) = preSolution
		Debug|x64 = Debug|x64
		Debug|x86 = Debug|x86
		Release|x64 = Release|x64
		Release|x86 = Release|x86
	EndGlobalSection
	GlobalSection(ProjectConfigurationPlatforms) = postSolution
		{13FEEA98-9463-4742-9512-7167A6888579}.Debug|x64.ActiveCfg = Debug|x64
		{13FEEA98-9463-4742-9512-7167A6888579}.Debug|x64.Build.0 = Debug|x64
		{13FEEA98-9463-4742-9512-7167A6888579}.Debug|x86.ActiveCfg = Debug|Win32
		{13FEEA98-9463-4742-9512-7167A6888579}.Debug|x86.Build.0 = Debug|Win32
		{13FEEA98-9463-4742-9512-7167A6888579}.Release|x64.ActiveCfg = Release|x64
		{13FEEA98-9463-4742-9512-7167A6888579}.Release|x64.Build.0 = Release|x64
		{13FEEA98-9463-4742-9512-7167A6888579}.Release|x86.ActiveCfg = Release|Win32
		{13FEEA98-9463-4742-9512-7167A6888579}.Release|x86.Build.0 = Release|Win32
		{EE7581A9-E91A-4737-9030-DF452465ABFF}.Debug|x64.ActiveCfg = Debug|x64
		{EE7581A9-E91A-4737-9030-DF452465ABFF}.Debug|x64.Build.0 = Debug|x64
		{EE7581A9-E91A-4737-9030-DF452465ABFF}.Debug|x86.ActiveCfg = Debug|Win32
		{EE7581A9-E91A-4737-9030-DF452465ABFF}.Debug|x86.Build.0 = Debug|Win32
		{EE7581A9-E91A-4737-9030-DF452465ABFF}.Release|x64.ActiveCfg = Release|x64
		{EE7581A9-E91A-4737-9030-DF452465ABFF}.Release|x64.Build.0 = Release|x64
		{EE7581A9-E91A-4737-9030-DF452465ABFF}.Release|x86.ActiveCfg = Release|Win32
		{EE7581A9-E91A-4737-9030-DF452465ABFF}.Release|x86.Build.0 = Release|Win32
		{8C16530F-DD0F-4578-9FEF-68F4294E3204}.Debug|x64.ActiveCfg = Debug|x64
		{8C16530F-DD0F-4578-9FEF-68F4294E3204}.Debug|x64.Build.0 = Debug|x64
		{8C16530F-DD0F-4578-9FEF-68F4294E3204}.Debug|x86.ActiveCfg = Debug|Win32
		{8C16530F-DD0F-4578-9FEF-68F4294E3204}.Debug|x86.Build.0 = Debug|Win32
		{8C16530F-DD0F-4578-9FEF-68F4294E3204}.Release|x64.ActiveCfg = Release|x64
		{8C16530F-DD0F-4578-9FEF-68F4294E3204}.Release|x64.Build.0 = Release|x64
		{8C16530F-DD0F-4578-9FEF-68F4294E3204}.Release|x86.ActiveCfg = Release|Win32
		{8C16530F-DD0F-4578-9FEF-68F4294E3204}.Release|x86.Build.0 = Release|Win32
		{2487EDA7-C752-4F12-B07D-34DDAA431DEA}.Debug|x64.ActiveCfg = Debug|x64
		{2487EDA7-C752-4F12-B07D-34DDAA431DEA}.Debug|x64.Build.0 = Debug|x64
		{2487EDA7-C752-4F12-B07D-34DDAA431DEA}.Debug|x86.ActiveCfg = Debug|Win32
		{2487EDA7-C752-4F12-B07D-34DDAA431DEA}.Debug|x86.Build.0 = Debug|Win32
		{2487EDA7-C752-4F12-B07D-34DDAA431DEA}.Release|x64.ActiveCfg = Release|x64
		{2487EDA7-C752-4F12-B07D-34DDAA431DEA}.Release|x64.Build.0 = Release|x64
		{2487EDA7-C752-4F12-B07D-34DDAA431DEA}.Release|x86.ActiveCfg = Release|Win32
		{2487EDA7-C752-4F12-B07D-34DDAA431DEA}.Release|x86.Build.0 = Release|Win32
		{801A052D-4428-4484-A95C-2C7759A62DF7}.Debug|x64.ActiveCfg = Debug|x64
		{801A052D-4428-4484-A95C-2C7759A62DF7}.Debug|x64.Build.0 = Debug|x64
		{801A052D-4428-4484-A95C-2C7759A62DF7}.Debug|x86.ActiveCfg = Debug|Win32
		{801A052D-4428-4484-A95C-2C7759A62DF7}.Debug|x86.Build.0 = Debug|Win32
		{801A052D-4428-4484-A95C-2C7759A62DF7}.Release|x64.ActiveCfg = Release|x64
		{801A052D-4428-4484-A95C-2C7759A62DF7}.Release|x64.Build.0 = Release|x64
		{801A052D-4428-4484-A95C-2C7759A62DF7}.Release|x86.ActiveCfg = Release|Win32
		{801A052D-4428-4484-A95C-2C7759A62DF7}.Release|x86.Build.0 = Release|Win32
		{02091FA5-4901-4066-9ED5-2AFC740A8B89}.Debug|x64.ActiveCfg = Debug|x64
		{02091FA5-4901-4066-9ED5-2AFC740A8B89}.Debug|x64.Build.0 = Debug|x64
		{02091FA5-4901-4066-9ED5-2AFC740A8B89}.Debug|x86.ActiveCfg = Debug|Win32
		{02091FA5-4901-4066-9ED5-2AFC740A8B89}.Debug|x86.Build.0 = Debug|Win32
		{02091FA5-4901-4066-9ED5-2AFC740A8B89}.Release|x64.ActiveCfg = Release|x64
		{02091FA5-4901-4066-9ED5-2AFC740A8B89}.Release|x64.Build.0 = Release|x64
		{02091FA5-4901-4066-9ED5-2AFC740A8B89}.Release|x86.ActiveCfg = Release|Win32
		{02091FA5-4901-4066-9ED5-2AFC740A8B89}.Release|x86.Build.0 = Release|Win32
		{21B0ED24-F9ED-40F7-9BF8-5FF2FF13989C}.Debug|x64.ActiveCfg = Debug|x64
		{21B0ED24-F9ED-40F7-9BF8-5FF2FF13989C}.Debug|x64.Build.0 = Debug|x64
		{21B0ED24-F9ED-40F7-9BF8-5FF2FF13989C}.Debug|x86.ActiveCfg = Debug|Win32
		{21B0ED24-F9ED-40F7-9BF8-5FF2FF13989C}.Debug|x86.Build.0 = Debug|Win32
		{21B0ED24-F9ED-40F7-9BF8-5FF2FF13989C}.Release|x64.ActiveCfg = Release|x64
		{21B0ED24-F9ED-40F7-9BF8-5FF2FF13989C}.Release|x64.Build.0 = Release|x64
		{21B0ED24-F9ED-40F7-9BF8-5FF2FF13989C}.Release|x86.ActiveCfg = Release|Win32
		{21B0ED24-F9ED-40F7-9BF8-5FF2FF13989C}.Release|x86.Build.0 = Release|Win32
		{FB00BDE2-DEA6-4283-B4E1-60CD77897D55}.Debug|x64.ActiveCfg = Debug|x64
		{FB00BDE2-DEA6-4283-B4E1-60CD77897D55}.Debug|x64.Build.0 = Debug|x64
		{FB00BDE2-DEA6-4283-B4E1-60CD77897D55}.Debug|x86.ActiveCfg = Debug|Win32
		{FB00BDE2-DEA6-4283-B4E1-60CD77897D55}.Debug|x86.Build.0 = Debug|Win32
		{FB00BDE2-DEA6-4283-B4E1-60CD77897D55}.Release|x64.ActiveCfg = Release|x64
		{FB00BDE2-DEA6-4283-B4E1-60CD77897D55}.Release|x64.Build.0 = Release|x64
		{FB00BDE2-DEA6-4283-B4E1-60CD77897D55}.Release|x86.ActiveCfg = Release|Win32
		{FB00BDE2-DEA6-4283-B4E1-60CD77897D55}.Release|x86.Build.0 = Release|Win32
		{DB8D9422-5F86-4693-B0AC-49E8A7D328AE}.Debug|x64.ActiveCfg = Debug|x64
		{DB8D9422-5F86-4693-B0AC-49E8A7D328AE}.Debug|x64.Build.0 = Debug|x64
		{DB8D9422-5F86-4693-B0AC-49E8A7D328AE}.Debug|x86.ActiveCfg = Debug|Win32
		{DB8D9422-5F86-4693-B0AC-49E8A7D328AE}.Debug|x86.Build.0 = Debug|Win32
		{DB8D9422-5F86-4693-B0AC-49E8A7D328AE}.Release|x64.ActiveCfg = Release|x64
		{DB8D9422-5F86-4693-B0AC-49E8A7D328AE}.Release|x64.Build.0 = Release|x64
		{DB8D9422-5F86-4693-B0AC-49E8A7D328AE}.Release|x86.ActiveCfg = Release|Win32
		{DB8D9422-5F86-4693-B0AC-49E8A7D328AE}.Release|x86.Build.0 = Release|Win32
	EndGlobalSection
	GlobalSection(SolutionProperties) = preSolution
		HideSolutionNode = FALSE
	EndGlobalSection
	GlobalSection(ExtensibilityGlobals) = postSolution
		SolutionGuid = {EE52E09D-5EF4-4F7E-9D79-DB93D0A70278}
	EndGlobalSection
EndGlobal
